// !$*UTF8*$!
{
	archiveVersion = 1;
	classes = {
	};
	objectVersion = 50;
	objects = {

/* Begin PBXBuildFile section */
		691AC993220965F8008B184B /* AppDelegate.swift in Sources */ = {isa = PBXBuildFile; fileRef = 691AC992220965F8008B184B /* AppDelegate.swift */; };
		691AC995220965F8008B184B /* ViewController.swift in Sources */ = {isa = PBXBuildFile; fileRef = 691AC994220965F8008B184B /* ViewController.swift */; };
		691AC998220965F8008B184B /* Main.storyboard in Resources */ = {isa = PBXBuildFile; fileRef = 691AC996220965F8008B184B /* Main.storyboard */; };
		691AC99A220965FD008B184B /* Assets.xcassets in Resources */ = {isa = PBXBuildFile; fileRef = 691AC999220965FD008B184B /* Assets.xcassets */; };
		691AC99D220965FD008B184B /* LaunchScreen.storyboard in Resources */ = {isa = PBXBuildFile; fileRef = 691AC99B220965FD008B184B /* LaunchScreen.storyboard */; };
		691AC9A8220965FD008B184B /* WebViewTests.swift in Sources */ = {isa = PBXBuildFile; fileRef = 691AC9A7220965FD008B184B /* WebViewTests.swift */; };
		691AC9B3220965FD008B184B /* WebViewUITests.swift in Sources */ = {isa = PBXBuildFile; fileRef = 691AC9B2220965FD008B184B /* WebViewUITests.swift */; };
/* End PBXBuildFile section */

/* Begin PBXContainerItemProxy section */
		691AC9A4220965FD008B184B /* PBXContainerItemProxy */ = {
			isa = PBXContainerItemProxy;
			containerPortal = 691AC987220965F8008B184B /* Project object */;
			proxyType = 1;
			remoteGlobalIDString = 691AC98E220965F8008B184B;
			remoteInfo = WebView;
		};
		691AC9AF220965FD008B184B /* PBXContainerItemProxy */ = {
			isa = PBXContainerItemProxy;
			containerPortal = 691AC987220965F8008B184B /* Project object */;
			proxyType = 1;
			remoteGlobalIDString = 691AC98E220965F8008B184B;
			remoteInfo = WebView;
		};
/* End PBXContainerItemProxy section */

/* Begin PBXFileReference section */
		691AC98F220965F8008B184B /* WebView.app */ = {isa = PBXFileReference; explicitFileType = wrapper.application; includeInIndex = 0; path = WebView.app; sourceTree = BUILT_PRODUCTS_DIR; };
		691AC992220965F8008B184B /* AppDelegate.swift */ = {isa = PBXFileReference; lastKnownFileType = sourcecode.swift; path = AppDelegate.swift; sourceTree = "<group>"; };
		691AC994220965F8008B184B /* ViewController.swift */ = {isa = PBXFileReference; lastKnownFileType = sourcecode.swift; path = ViewController.swift; sourceTree = "<group>"; };
		691AC997220965F8008B184B /* Base */ = {isa = PBXFileReference; lastKnownFileType = file.storyboard; name = Base; path = Base.lproj/Main.storyboard; sourceTree = "<group>"; };
		691AC999220965FD008B184B /* Assets.xcassets */ = {isa = PBXFileReference; lastKnownFileType = folder.assetcatalog; path = Assets.xcassets; sourceTree = "<group>"; };
		691AC99C220965FD008B184B /* Base */ = {isa = PBXFileReference; lastKnownFileType = file.storyboard; name = Base; path = Base.lproj/LaunchScreen.storyboard; sourceTree = "<group>"; };
		691AC99E220965FD008B184B /* Info.plist */ = {isa = PBXFileReference; lastKnownFileType = text.plist.xml; path = Info.plist; sourceTree = "<group>"; };
		691AC9A3220965FD008B184B /* WebViewTests.xctest */ = {isa = PBXFileReference; explicitFileType = wrapper.cfbundle; includeInIndex = 0; path = WebViewTests.xctest; sourceTree = BUILT_PRODUCTS_DIR; };
		691AC9A7220965FD008B184B /* WebViewTests.swift */ = {isa = PBXFileReference; lastKnownFileType = sourcecode.swift; path = WebViewTests.swift; sourceTree = "<group>"; };
		691AC9A9220965FD008B184B /* Info.plist */ = {isa = PBXFileReference; lastKnownFileType = text.plist.xml; path = Info.plist; sourceTree = "<group>"; };
		691AC9AE220965FD008B184B /* WebViewUITests.xctest */ = {isa = PBXFileReference; explicitFileType = wrapper.cfbundle; includeInIndex = 0; path = WebViewUITests.xctest; sourceTree = BUILT_PRODUCTS_DIR; };
		691AC9B2220965FD008B184B /* WebViewUITests.swift */ = {isa = PBXFileReference; lastKnownFileType = sourcecode.swift; path = WebViewUITests.swift; sourceTree = "<group>"; };
		691AC9B4220965FD008B184B /* Info.plist */ = {isa = PBXFileReference; lastKnownFileType = text.plist.xml; path = Info.plist; sourceTree = "<group>"; };
/* End PBXFileReference section */

/* Begin PBXFrameworksBuildPhase section */
		691AC98C220965F8008B184B /* Frameworks */ = {
			isa = PBXFrameworksBuildPhase;
			buildActionMask = 2147483647;
			files = (
			);
			runOnlyForDeploymentPostprocessing = 0;
		};
		691AC9A0220965FD008B184B /* Frameworks */ = {
			isa = PBXFrameworksBuildPhase;
			buildActionMask = 2147483647;
			files = (
			);
			runOnlyForDeploymentPostprocessing = 0;
		};
		691AC9AB220965FD008B184B /* Frameworks */ = {
			isa = PBXFrameworksBuildPhase;
			buildActionMask = 2147483647;
			files = (
			);
			runOnlyForDeploymentPostprocessing = 0;
		};
/* End PBXFrameworksBuildPhase section */

/* Begin PBXGroup section */
		691AC986220965F8008B184B = {
			isa = PBXGroup;
			children = (
				691AC991220965F8008B184B /* WebView */,
				691AC9A6220965FD008B184B /* WebViewTests */,
				691AC9B1220965FD008B184B /* WebViewUITests */,
				691AC990220965F8008B184B /* Products */,
			);
			sourceTree = "<group>";
		};
		691AC990220965F8008B184B /* Products */ = {
			isa = PBXGroup;
			children = (
				691AC98F220965F8008B184B /* WebView.app */,
				691AC9A3220965FD008B184B /* WebViewTests.xctest */,
				691AC9AE220965FD008B184B /* WebViewUITests.xctest */,
			);
			name = Products;
			sourceTree = "<group>";
		};
		691AC991220965F8008B184B /* WebView */ = {
			isa = PBXGroup;
			children = (
				691AC992220965F8008B184B /* AppDelegate.swift */,
				691AC994220965F8008B184B /* ViewController.swift */,
				691AC996220965F8008B184B /* Main.storyboard */,
				691AC999220965FD008B184B /* Assets.xcassets */,
				691AC99B220965FD008B184B /* LaunchScreen.storyboard */,
				691AC99E220965FD008B184B /* Info.plist */,
			);
			path = WebView;
			sourceTree = "<group>";
		};
		691AC9A6220965FD008B184B /* WebViewTests */ = {
			isa = PBXGroup;
			children = (
				691AC9A7220965FD008B184B /* WebViewTests.swift */,
				691AC9A9220965FD008B184B /* Info.plist */,
			);
			path = WebViewTests;
			sourceTree = "<group>";
		};
		691AC9B1220965FD008B184B /* WebViewUITests */ = {
			isa = PBXGroup;
			children = (
				691AC9B2220965FD008B184B /* WebViewUITests.swift */,
				691AC9B4220965FD008B184B /* Info.plist */,
			);
			path = WebViewUITests;
			sourceTree = "<group>";
		};
/* End PBXGroup section */

/* Begin PBXNativeTarget section */
		691AC98E220965F8008B184B /* WebView */ = {
			isa = PBXNativeTarget;
			buildConfigurationList = 691AC9B7220965FD008B184B /* Build configuration list for PBXNativeTarget "WebView" */;
			buildPhases = (
				691AC98B220965F8008B184B /* Sources */,
				691AC98C220965F8008B184B /* Frameworks */,
				691AC98D220965F8008B184B /* Resources */,
			);
			buildRules = (
			);
			dependencies = (
			);
			name = WebView;
			productName = WebView;
			productReference = 691AC98F220965F8008B184B /* WebView.app */;
			productType = "com.apple.product-type.application";
		};
		691AC9A2220965FD008B184B /* WebViewTests */ = {
			isa = PBXNativeTarget;
			buildConfigurationList = 691AC9BA220965FD008B184B /* Build configuration list for PBXNativeTarget "WebViewTests" */;
			buildPhases = (
				691AC99F220965FD008B184B /* Sources */,
				691AC9A0220965FD008B184B /* Frameworks */,
				691AC9A1220965FD008B184B /* Resources */,
			);
			buildRules = (
			);
			dependencies = (
				691AC9A5220965FD008B184B /* PBXTargetDependency */,
			);
			name = WebViewTests;
			productName = WebViewTests;
			productReference = 691AC9A3220965FD008B184B /* WebViewTests.xctest */;
			productType = "com.apple.product-type.bundle.unit-test";
		};
		691AC9AD220965FD008B184B /* WebViewUITests */ = {
			isa = PBXNativeTarget;
			buildConfigurationList = 691AC9BD220965FD008B184B /* Build configuration list for PBXNativeTarget "WebViewUITests" */;
			buildPhases = (
				691AC9AA220965FD008B184B /* Sources */,
				691AC9AB220965FD008B184B /* Frameworks */,
				691AC9AC220965FD008B184B /* Resources */,
			);
			buildRules = (
			);
			dependencies = (
				691AC9B0220965FD008B184B /* PBXTargetDependency */,
			);
			name = WebViewUITests;
			productName = WebViewUITests;
			productReference = 691AC9AE220965FD008B184B /* WebViewUITests.xctest */;
			productType = "com.apple.product-type.bundle.ui-testing";
		};
/* End PBXNativeTarget section */

/* Begin PBXProject section */
		691AC987220965F8008B184B /* Project object */ = {
			isa = PBXProject;
			attributes = {
				LastSwiftUpdateCheck = 1010;
				LastUpgradeCheck = 1010;
				ORGANIZATIONNAME = "Faical Sawadogo1212";
				TargetAttributes = {
					691AC98E220965F8008B184B = {
						CreatedOnToolsVersion = 10.1;
					};
					691AC9A2220965FD008B184B = {
						CreatedOnToolsVersion = 10.1;
						TestTargetID = 691AC98E220965F8008B184B;
					};
					691AC9AD220965FD008B184B = {
						CreatedOnToolsVersion = 10.1;
						TestTargetID = 691AC98E220965F8008B184B;
					};
				};
			};
			buildConfigurationList = 691AC98A220965F8008B184B /* Build configuration list for PBXProject "WebView" */;
			compatibilityVersion = "Xcode 9.3";
			developmentRegion = en;
			hasScannedForEncodings = 0;
			knownRegions = (
				en,
				Base,
			);
			mainGroup = 691AC986220965F8008B184B;
			productRefGroup = 691AC990220965F8008B184B /* Products */;
			projectDirPath = "";
			projectRoot = "";
			targets = (
				691AC98E220965F8008B184B /* WebView */,
				691AC9A2220965FD008B184B /* WebViewTests */,
				691AC9AD220965FD008B184B /* WebViewUITests */,
			);
		};
/* End PBXProject section */

/* Begin PBXResourcesBuildPhase section */
		691AC98D220965F8008B184B /* Resources */ = {
			isa = PBXResourcesBuildPhase;
			buildActionMask = 2147483647;
			files = (
				691AC99D220965FD008B184B /* LaunchScreen.storyboard in Resources */,
				691AC99A220965FD008B184B /* Assets.xcassets in Resources */,
				691AC998220965F8008B184B /* Main.storyboard in Resources */,
			);
			runOnlyForDeploymentPostprocessing = 0;
		};
		691AC9A1220965FD008B184B /* Resources */ = {
			isa = PBXResourcesBuildPhase;
			buildActionMask = 2147483647;
			files = (
			);
			runOnlyForDeploymentPostprocessing = 0;
		};
		691AC9AC220965FD008B184B /* Resources */ = {
			isa = PBXResourcesBuildPhase;
			buildActionMask = 2147483647;
			files = (
			);
			runOnlyForDeploymentPostprocessing = 0;
		};
/* End PBXResourcesBuildPhase section */

/* Begin PBXSourcesBuildPhase section */
		691AC98B220965F8008B184B /* Sources */ = {
			isa = PBXSourcesBuildPhase;
			buildActionMask = 2147483647;
			files = (
				691AC995220965F8008B184B /* ViewController.swift in Sources */,
				691AC993220965F8008B184B /* AppDelegate.swift in Sources */,
			);
			runOnlyForDeploymentPostprocessing = 0;
		};
		691AC99F220965FD008B184B /* Sources */ = {
			isa = PBXSourcesBuildPhase;
			buildActionMask = 2147483647;
			files = (
				691AC9A8220965FD008B184B /* WebViewTests.swift in Sources */,
			);
			runOnlyForDeploymentPostprocessing = 0;
		};
		691AC9AA220965FD008B184B /* Sources */ = {
			isa = PBXSourcesBuildPhase;
			buildActionMask = 2147483647;
			files = (
				691AC9B3220965FD008B184B /* WebViewUITests.swift in Sources */,
			);
			runOnlyForDeploymentPostprocessing = 0;
		};
/* End PBXSourcesBuildPhase section */

/* Begin PBXTargetDependency section */
		691AC9A5220965FD008B184B /* PBXTargetDependency */ = {
			isa = PBXTargetDependency;
			target = 691AC98E220965F8008B184B /* WebView */;
			targetProxy = 691AC9A4220965FD008B184B /* PBXContainerItemProxy */;
		};
		691AC9B0220965FD008B184B /* PBXTargetDependency */ = {
			isa = PBXTargetDependency;
			target = 691AC98E220965F8008B184B /* WebView */;
			targetProxy = 691AC9AF220965FD008B184B /* PBXContainerItemProxy */;
		};
/* End PBXTargetDependency section */

/* Begin PBXVariantGroup section */
		691AC996220965F8008B184B /* Main.storyboard */ = {
			isa = PBXVariantGroup;
			children = (
				691AC997220965F8008B184B /* Base */,
			);
			name = Main.storyboard;
			sourceTree = "<group>";
		};
		691AC99B220965FD008B184B /* LaunchScreen.storyboard */ = {
			isa = PBXVariantGroup;
			children = (
				691AC99C220965FD008B184B /* Base */,
			);
			name = LaunchScreen.storyboard;
			sourceTree = "<group>";
		};
/* End PBXVariantGroup section */

/* Begin XCBuildConfiguration section */
		691AC9B5220965FD008B184B /* Debug */ = {
			isa = XCBuildConfiguration;
			buildSettings = {
				ALWAYS_SEARCH_USER_PATHS = NO;
				CLANG_ANALYZER_NONNULL = YES;
				CLANG_ANALYZER_NUMBER_OBJECT_CONVERSION = YES_AGGRESSIVE;
				CLANG_CXX_LANGUAGE_STANDARD = "gnu++14";
				CLANG_CXX_LIBRARY = "libc++";
				CLANG_ENABLE_MODULES = YES;
				CLANG_ENABLE_OBJC_ARC = YES;
				CLANG_ENABLE_OBJC_WEAK = YES;
				CLANG_WARN_BLOCK_CAPTURE_AUTORELEASING = YES;
				CLANG_WARN_BOOL_CONVERSION = YES;
				CLANG_WARN_COMMA = YES;
				CLANG_WARN_CONSTANT_CONVERSION = YES;
				CLANG_WARN_DEPRECATED_OBJC_IMPLEMENTATIONS = YES;
				CLANG_WARN_DIRECT_OBJC_ISA_USAGE = YES_ERROR;
				CLANG_WARN_DOCUMENTATION_COMMENTS = YES;
				CLANG_WARN_EMPTY_BODY = YES;
				CLANG_WARN_ENUM_CONVERSION = YES;
				CLANG_WARN_INFINITE_RECURSION = YES;
				CLANG_WARN_INT_CONVERSION = YES;
				CLANG_WARN_NON_LITERAL_NULL_CONVERSION = YES;
				CLANG_WARN_OBJC_IMPLICIT_RETAIN_SELF = YES;
				CLANG_WARN_OBJC_LITERAL_CONVERSION = YES;
				CLANG_WARN_OBJC_ROOT_CLASS = YES_ERROR;
				CLANG_WARN_RANGE_LOOP_ANALYSIS = YES;
				CLANG_WARN_STRICT_PROTOTYPES = YES;
				CLANG_WARN_SUSPICIOUS_MOVE = YES;
				CLANG_WARN_UNGUARDED_AVAILABILITY = YES_AGGRESSIVE;
				CLANG_WARN_UNREACHABLE_CODE = YES;
				CLANG_WARN__DUPLICATE_METHOD_MATCH = YES;
				CODE_SIGN_IDENTITY = "iPhone Developer";
				COPY_PHASE_STRIP = NO;
				DEBUG_INFORMATION_FORMAT = dwarf;
				ENABLE_STRICT_OBJC_MSGSEND = YES;
				ENABLE_TESTABILITY = YES;
				GCC_C_LANGUAGE_STANDARD = gnu11;
				GCC_DYNAMIC_NO_PIC = NO;
				GCC_NO_COMMON_BLOCKS = YES;
				GCC_OPTIMIZATION_LEVEL = 0;
				GCC_PREPROCESSOR_DEFINITIONS = (
					"DEBUG=1",
					"$(inherited)",
				);
				GCC_WARN_64_TO_32_BIT_CONVERSION = YES;
				GCC_WARN_ABOUT_RETURN_TYPE = YES_ERROR;
				GCC_WARN_UNDECLARED_SELECTOR = YES;
				GCC_WARN_UNINITIALIZED_AUTOS = YES_AGGRESSIVE;
				GCC_WARN_UNUSED_FUNCTION = YES;
				GCC_WARN_UNUSED_VARIABLE = YES;
				IPHONEOS_DEPLOYMENT_TARGET = 12.1;
				MTL_ENABLE_DEBUG_INFO = INCLUDE_SOURCE;
				MTL_FAST_MATH = YES;
				ONLY_ACTIVE_ARCH = YES;
				SDKROOT = iphoneos;
				SWIFT_ACTIVE_COMPILATION_CONDITIONS = DEBUG;
				SWIFT_OPTIMIZATION_LEVEL = "-Onone";
			};
			name = Debug;
		};
		691AC9B6220965FD008B184B /* Release */ = {
			isa = XCBuildConfiguration;
			buildSettings = {
				ALWAYS_SEARCH_USER_PATHS = NO;
				CLANG_ANALYZER_NONNULL = YES;
				CLANG_ANALYZER_NUMBER_OBJECT_CONVERSION = YES_AGGRESSIVE;
				CLANG_CXX_LANGUAGE_STANDARD = "gnu++14";
				CLANG_CXX_LIBRARY = "libc++";
				CLANG_ENABLE_MODULES = YES;
				CLANG_ENABLE_OBJC_ARC = YES;
				CLANG_ENABLE_OBJC_WEAK = YES;
				CLANG_WARN_BLOCK_CAPTURE_AUTORELEASING = YES;
				CLANG_WARN_BOOL_CONVERSION = YES;
				CLANG_WARN_COMMA = YES;
				CLANG_WARN_CONSTANT_CONVERSION = YES;
				CLANG_WARN_DEPRECATED_OBJC_IMPLEMENTATIONS = YES;
				CLANG_WARN_DIRECT_OBJC_ISA_USAGE = YES_ERROR;
				CLANG_WARN_DOCUMENTATION_COMMENTS = YES;
				CLANG_WARN_EMPTY_BODY = YES;
				CLANG_WARN_ENUM_CONVERSION = YES;
				CLANG_WARN_INFINITE_RECURSION = YES;
				CLANG_WARN_INT_CONVERSION = YES;
				CLANG_WARN_NON_LITERAL_NULL_CONVERSION = YES;
				CLANG_WARN_OBJC_IMPLICIT_RETAIN_SELF = YES;
				CLANG_WARN_OBJC_LITERAL_CONVERSION = YES;
				CLANG_WARN_OBJC_ROOT_CLASS = YES_ERROR;
				CLANG_WARN_RANGE_LOOP_ANALYSIS = YES;
				CLANG_WARN_STRICT_PROTOTYPES = YES;
				CLANG_WARN_SUSPICIOUS_MOVE = YES;
				CLANG_WARN_UNGUARDED_AVAILABILITY = YES_AGGRESSIVE;
				CLANG_WARN_UNREACHABLE_CODE = YES;
				CLANG_WARN__DUPLICATE_METHOD_MATCH = YES;
				CODE_SIGN_IDENTITY = "iPhone Developer";
				COPY_PHASE_STRIP = NO;
				DEBUG_INFORMATION_FORMAT = "dwarf-with-dsym";
				ENABLE_NS_ASSERTIONS = NO;
				ENABLE_STRICT_OBJC_MSGSEND = YES;
				GCC_C_LANGUAGE_STANDARD = gnu11;
				GCC_NO_COMMON_BLOCKS = YES;
				GCC_WARN_64_TO_32_BIT_CONVERSION = YES;
				GCC_WARN_ABOUT_RETURN_TYPE = YES_ERROR;
				GCC_WARN_UNDECLARED_SELECTOR = YES;
				GCC_WARN_UNINITIALIZED_AUTOS = YES_AGGRESSIVE;
				GCC_WARN_UNUSED_FUNCTION = YES;
				GCC_WARN_UNUSED_VARIABLE = YES;
				IPHONEOS_DEPLOYMENT_TARGET = 12.1;
				MTL_ENABLE_DEBUG_INFO = NO;
				MTL_FAST_MATH = YES;
				SDKROOT = iphoneos;
				SWIFT_COMPILATION_MODE = wholemodule;
				SWIFT_OPTIMIZATION_LEVEL = "-O";
				VALIDATE_PRODUCT = YES;
			};
			name = Release;
		};
		691AC9B8220965FD008B184B /* Debug */ = {
			isa = XCBuildConfiguration;
			buildSettings = {
				ASSETCATALOG_COMPILER_APPICON_NAME = AppIcon;
				CODE_SIGN_STYLE = Automatic;
				INFOPLIST_FILE = WebView/Info.plist;
				LD_RUNPATH_SEARCH_PATHS = (
					"$(inherited)",
					"@executable_path/Frameworks",
				);
				PRODUCT_BUNDLE_IDENTIFIER = edu.cuny.bmcc.WebView;
				PRODUCT_NAME = "$(TARGET_NAME)";
				SWIFT_VERSION = 4.2;
				TARGETED_DEVICE_FAMILY = "1,2";
			};
			name = Debug;
		};
		691AC9B9220965FD008B184B /* Release */ = {
			isa = XCBuildConfiguration;
			buildSettings = {
				ASSETCATALOG_COMPILER_APPICON_NAME = AppIcon;
				CODE_SIGN_STYLE = Automatic;
				INFOPLIST_FILE = WebView/Info.plist;
				LD_RUNPATH_SEARCH_PATHS = (
					"$(inherited)",
					"@executable_path/Frameworks",
				);
				PRODUCT_BUNDLE_IDENTIFIER = edu.cuny.bmcc.WebView;
				PRODUCT_NAME = "$(TARGET_NAME)";
				SWIFT_VERSION = 4.2;
				TARGETED_DEVICE_FAMILY = "1,2";
			};
			name = Release;
		};
		691AC9BB220965FD008B184B /* Debug */ = {
			isa = XCBuildConfiguration;
			buildSettings = {
				ALWAYS_EMBED_SWIFT_STANDARD_LIBRARIES = YES;
				BUNDLE_LOADER = "$(TEST_HOST)";
				CODE_SIGN_STYLE = Automatic;
				INFOPLIST_FILE = WebViewTests/Info.plist;
				LD_RUNPATH_SEARCH_PATHS = (
					"$(inherited)",
					"@executable_path/Frameworks",
					"@loader_path/Frameworks",
				);
				PRODUCT_BUNDLE_IDENTIFIER = edu.cuny.bmcc.WebViewTests;
				PRODUCT_NAME = "$(TARGET_NAME)";
				SWIFT_VERSION = 4.2;
				TARGETED_DEVICE_FAMILY = "1,2";
				TEST_HOST = "$(BUILT_PRODUCTS_DIR)/WebView.app/WebView";
			};
			name = Debug;
		};
		691AC9BC220965FD008B184B /* Release */ = {
			isa = XCBuildConfiguration;
			buildSettings = {
				ALWAYS_EMBED_SWIFT_STANDARD_LIBRARIES = YES;
				BUNDLE_LOADER = "$(TEST_HOST)";
				CODE_SIGN_STYLE = Automatic;
				INFOPLIST_FILE = WebViewTests/Info.plist;
				LD_RUNPATH_SEARCH_PATHS = (
					"$(inherited)",
					"@executable_path/Frameworks",
					"@loader_path/Frameworks",
				);
				PRODUCT_BUNDLE_IDENTIFIER = edu.cuny.bmcc.WebViewTests;
				PRODUCT_NAME = "$(TARGET_NAME)";
				SWIFT_VERSION = 4.2;
				TARGETED_DEVICE_FAMILY = "1,2";
				TEST_HOST = "$(BUILT_PRODUCTS_DIR)/WebView.app/WebView";
			};
			name = Release;
		};
		691AC9BE220965FD008B184B /* Debug */ = {
			isa = XCBuildConfiguration;
			buildSettings = {
				ALWAYS_EMBED_SWIFT_STANDARD_LIBRARIES = YES;
				CODE_SIGN_STYLE = Automatic;
				INFOPLIST_FILE = WebViewUITests/Info.plist;
				LD_RUNPATH_SEARCH_PATHS = (
					"$(inherited)",
					"@executable_path/Frameworks",
					"@loader_path/Frameworks",
				);
				PRODUCT_BUNDLE_IDENTIFIER = edu.cuny.bmcc.WebViewUITests;
				PRODUCT_NAME = "$(TARGET_NAME)";
				SWIFT_VERSION = 4.2;
				TARGETED_DEVICE_FAMILY = "1,2";
				TEST_TARGET_NAME = WebView;
			};
			name = Debug;
		};
		691AC9BF220965FD008B184B /* Release */ = {
			isa = XCBuildConfiguration;
			buildSettings = {
				ALWAYS_EMBED_SWIFT_STANDARD_LIBRARIES = YES;
				CODE_SIGN_STYLE = Automatic;
				INFOPLIST_FILE = WebViewUITests/Info.plist;
				LD_RUNPATH_SEARCH_PATHS = (
					"$(inherited)",
					"@executable_path/Frameworks",
					"@loader_path/Frameworks",
				);
				PRODUCT_BUNDLE_IDENTIFIER = edu.cuny.bmcc.WebViewUITests;
				PRODUCT_NAME = "$(TARGET_NAME)";
				SWIFT_VERSION = 4.2;
				TARGETED_DEVICE_FAMILY = "1,2";
				TEST_TARGET_NAME = WebView;
			};
			name = Release;
		};
/* End XCBuildConfiguration section */

/* Begin XCConfigurationList section */
		691AC98A220965F8008B184B /* Build configuration list for PBXProject "WebView" */ = {
			isa = XCConfigurationList;
			buildConfigurations = (
				691AC9B5220965FD008B184B /* Debug */,
				691AC9B6220965FD008B184B /* Release */,
			);
			defaultConfigurationIsVisible = 0;
			defaultConfigurationName = Release;
		};
		691AC9B7220965FD008B184B /* Build configuration list for PBXNativeTarget "WebView" */ = {
			isa = XCConfigurationList;
			buildConfigurations = (
				691AC9B8220965FD008B184B /* Debug */,
				691AC9B9220965FD008B184B /* Release */,
			);
			defaultConfigurationIsVisible = 0;
			defaultConfigurationName = Release;
		};
		691AC9BA220965FD008B184B /* Build configuration list for PBXNativeTarget "WebViewTests" */ = {
			isa = XCConfigurationList;
			buildConfigurations = (
				691AC9BB220965FD008B184B /* Debug */,
				691AC9BC220965FD008B184B /* Release */,
			);
			defaultConfigurationIsVisible = 0;
			defaultConfigurationName = Release;
		};
		691AC9BD220965FD008B184B /* Build configuration list for PBXNativeTarget "WebViewUITests" */ = {
			isa = XCConfigurationList;
			buildConfigurations = (
				691AC9BE220965FD008B184B /* Debug */,
				691AC9BF220965FD008B184B /* Release */,
			);
			defaultConfigurationIsVisible = 0;
			defaultConfigurationName = Release;
		};
/* End XCConfigurationList section */
	};
	rootObject = 691AC987220965F8008B184B /* Project object */;
}
